
Microsoft Visual Studio Solution File, Format Version 12.00
# Visual Studio Version 17
VisualStudioVersion = 17.5.33502.453
MinimumVisualStudioVersion = 10.0.40219.1
Project("{9A19103F-16F7-4668-BE54-9A1E7A4F7556}") = "ClasesCarniceria", "ClasesCarniceria\ClasesCarniceria.csproj", "{89FCB5AF-7C7F-4DD9-B5FA-40B6CB9CF3C3}"
EndProject
Project("{9A19103F-16F7-4668-BE54-9A1E7A4F7556}") = "FrmLogin", "Login\FrmLogin.csproj", "{CAD17B45-19B1-45AF-897B-E346A88F6342}"
EndProject
Project("{9A19103F-16F7-4668-BE54-9A1E7A4F7556}") = "FrmHeladera", "FrmHeladera\FrmHeladera.csproj", "{B9787C9E-F2FA-4C97-ADA5-06867CDF8705}"
EndProject
Project("{9A19103F-16F7-4668-BE54-9A1E7A4F7556}") = "FrmVenta", "FrmVenta\FrmVenta.csproj", "{2C29C862-D44D-4E60-B687-2AB0F50851BC}"
EndProject
Project("{9A19103F-16F7-4668-BE54-9A1E7A4F7556}") = "FrmAgregarProducto", "FrmAgregarProducto\FrmAgregarProducto.csproj", "{128BD950-9D06-40C9-9AB1-177E572C9BB4}"
EndProject
Project("{9A19103F-16F7-4668-BE54-9A1E7A4F7556}") = "FrmAgregarCorte", "FrmAgregarCorte\FrmAgregarCorte.csproj", "{B892861A-3A0B-4045-9C4F-99AA998615C5}"
EndProject
Project("{2150E333-8FDC-42A3-9474-1A3956D46DE8}") = "heladera", "heladera", "{9B69A4DF-A9C3-4172-A7CA-831CC32702C1}"
EndProject
Project("{9A19103F-16F7-4668-BE54-9A1E7A4F7556}") = "FrmModificarProducto", "FrmModificarProducto\FrmModificarProducto.csproj", "{41E5C574-880C-46FE-93DA-C499655522DF}"
EndProject
Project("{9A19103F-16F7-4668-BE54-9A1E7A4F7556}") = "FrmQuitarProducto", "FrmQuitarProducto\FrmQuitarProducto.csproj", "{FABBCD86-CC7F-4938-917C-0E9DC3B01499}"
EndProject
Project("{9A19103F-16F7-4668-BE54-9A1E7A4F7556}") = "FrmElegirProducto", "FrmElegirProducto\FrmElegirProducto.csproj", "{098A5FCD-0B67-4CBD-A586-C147A5BC1AD4}"
EndProject
Project("{2150E333-8FDC-42A3-9474-1A3956D46DE8}") = "venta", "venta", "{E7E794A1-C3F2-41A6-B4AB-B043BB14124D}"
EndProject
Project("{9A19103F-16F7-4668-BE54-9A1E7A4F7556}") = "FrmFactura", "FrmFactura\FrmFactura.csproj", "{21690D66-6C7B-44C1-953A-8AFEB4592814}"
EndProject
Project("{9A19103F-16F7-4668-BE54-9A1E7A4F7556}") = "FrmHistorial", "FrmHistorial\FrmHistorial.csproj", "{BCE9EEAD-BFBE-4666-981D-EFD47A8270EE}"
EndProject
Project("{2150E333-8FDC-42A3-9474-1A3956D46DE8}") = "opciones cortes", "opciones cortes", "{EEE9406A-FA2B-4530-B811-082EB90D3C34}"
EndProject
Project("{9A19103F-16F7-4668-BE54-9A1E7A4F7556}") = "FrmQuitarCorte", "FrmQuitarCorte\FrmQuitarCorte.csproj", "{743C0550-24F3-4F31-9DA2-B4A48287C19C}"
EndProject
Project("{9A19103F-16F7-4668-BE54-9A1E7A4F7556}") = "FrmModificarCorte", "FrmModificarCorte\FrmModificarCorte.csproj", "{11A7ACA7-DED1-4675-8D1B-669595287D3A}"
EndProject
Project("{2150E333-8FDC-42A3-9474-1A3956D46DE8}") = "opciones producto", "opciones producto", "{76488024-227B-4CAC-A4FF-B41CB215A133}"
EndProject
Project("{9A19103F-16F7-4668-BE54-9A1E7A4F7556}") = "PruebasUnitarias", "PruebasUnitarias\PruebasUnitarias.csproj", "{41A731C3-879D-4A6F-BA6B-705647188EE7}"
EndProject
Project("{9A19103F-16F7-4668-BE54-9A1E7A4F7556}") = "FrmSerializarProducto", "FrmSerializarProducto\FrmSerializarProducto.csproj", "{5C0D70BB-BF94-4032-B884-42B5A7923E9A}"
EndProject
Project("{9A19103F-16F7-4668-BE54-9A1E7A4F7556}") = "FrmSerializarCliente", "FrmSerializarCliente\FrmSerializarCliente.csproj", "{0209134F-DBB8-47D5-8440-91B8A5735DB1}"
EndProject
Project("{9A19103F-16F7-4668-BE54-9A1E7A4F7556}") = "FrmMenuPrincipal", "FrmMenuPrincipal\FrmMenuPrincipal.csproj", "{3823EAFF-ECAB-430D-AA0B-3A0550B34979}"
EndProject
Project("{9A19103F-16F7-4668-BE54-9A1E7A4F7556}") = "FrmRegistro", "FrmRegistro\FrmRegistro.csproj", "{DE48055C-DDBF-450D-8494-E7BADB26F3D9}"
EndProject
Project("{2150E333-8FDC-42A3-9474-1A3956D46DE8}") = "Ingreso", "Ingreso", "{4E98EAE0-0727-44F0-B637-4E3D800387FA}"
EndProject
Project("{FAE04EC0-301F-11D3-BF4B-00C04F79EFBC}") = "FrmModificarMail", "FrmDatosUsuario\FrmModificarMail.csproj", "{5C6D82D2-E9BE-4CBB-B54F-37B0144E34C2}"
EndProject
Global
	GlobalSection(SolutionConfigurationPlatforms) = preSolution
		Debug|Any CPU = Debug|Any CPU
		Release|Any CPU = Release|Any CPU
	EndGlobalSection
	GlobalSection(ProjectConfigurationPlatforms) = postSolution
		{89FCB5AF-7C7F-4DD9-B5FA-40B6CB9CF3C3}.Debug|Any CPU.ActiveCfg = Debug|Any CPU
		{89FCB5AF-7C7F-4DD9-B5FA-40B6CB9CF3C3}.Debug|Any CPU.Build.0 = Debug|Any CPU
		{89FCB5AF-7C7F-4DD9-B5FA-40B6CB9CF3C3}.Release|Any CPU.ActiveCfg = Release|Any CPU
		{89FCB5AF-7C7F-4DD9-B5FA-40B6CB9CF3C3}.Release|Any CPU.Build.0 = Release|Any CPU
		{CAD17B45-19B1-45AF-897B-E346A88F6342}.Debug|Any CPU.ActiveCfg = Debug|Any CPU
		{CAD17B45-19B1-45AF-897B-E346A88F6342}.Debug|Any CPU.Build.0 = Debug|Any CPU
		{CAD17B45-19B1-45AF-897B-E346A88F6342}.Release|Any CPU.ActiveCfg = Release|Any CPU
		{CAD17B45-19B1-45AF-897B-E346A88F6342}.Release|Any CPU.Build.0 = Release|Any CPU
		{B9787C9E-F2FA-4C97-ADA5-06867CDF8705}.Debug|Any CPU.ActiveCfg = Debug|Any CPU
		{B9787C9E-F2FA-4C97-ADA5-06867CDF8705}.Debug|Any CPU.Build.0 = Debug|Any CPU
		{B9787C9E-F2FA-4C97-ADA5-06867CDF8705}.Release|Any CPU.ActiveCfg = Release|Any CPU
		{B9787C9E-F2FA-4C97-ADA5-06867CDF8705}.Release|Any CPU.Build.0 = Release|Any CPU
		{2C29C862-D44D-4E60-B687-2AB0F50851BC}.Debug|Any CPU.ActiveCfg = Debug|Any CPU
		{2C29C862-D44D-4E60-B687-2AB0F50851BC}.Debug|Any CPU.Build.0 = Debug|Any CPU
		{2C29C862-D44D-4E60-B687-2AB0F50851BC}.Release|Any CPU.ActiveCfg = Release|Any CPU
		{2C29C862-D44D-4E60-B687-2AB0F50851BC}.Release|Any CPU.Build.0 = Release|Any CPU
		{128BD950-9D06-40C9-9AB1-177E572C9BB4}.Debug|Any CPU.ActiveCfg = Debug|Any CPU
		{128BD950-9D06-40C9-9AB1-177E572C9BB4}.Debug|Any CPU.Build.0 = Debug|Any CPU
		{128BD950-9D06-40C9-9AB1-177E572C9BB4}.Release|Any CPU.ActiveCfg = Release|Any CPU
		{128BD950-9D06-40C9-9AB1-177E572C9BB4}.Release|Any CPU.Build.0 = Release|Any CPU
		{B892861A-3A0B-4045-9C4F-99AA998615C5}.Debug|Any CPU.ActiveCfg = Debug|Any CPU
		{B892861A-3A0B-4045-9C4F-99AA998615C5}.Debug|Any CPU.Build.0 = Debug|Any CPU
		{B892861A-3A0B-4045-9C4F-99AA998615C5}.Release|Any CPU.ActiveCfg = Release|Any CPU
		{B892861A-3A0B-4045-9C4F-99AA998615C5}.Release|Any CPU.Build.0 = Release|Any CPU
		{41E5C574-880C-46FE-93DA-C499655522DF}.Debug|Any CPU.ActiveCfg = Debug|Any CPU
		{41E5C574-880C-46FE-93DA-C499655522DF}.Debug|Any CPU.Build.0 = Debug|Any CPU
		{41E5C574-880C-46FE-93DA-C499655522DF}.Release|Any CPU.ActiveCfg = Release|Any CPU
		{41E5C574-880C-46FE-93DA-C499655522DF}.Release|Any CPU.Build.0 = Release|Any CPU
		{FABBCD86-CC7F-4938-917C-0E9DC3B01499}.Debug|Any CPU.ActiveCfg = Debug|Any CPU
		{FABBCD86-CC7F-4938-917C-0E9DC3B01499}.Debug|Any CPU.Build.0 = Debug|Any CPU
		{FABBCD86-CC7F-4938-917C-0E9DC3B01499}.Release|Any CPU.ActiveCfg = Release|Any CPU
		{FABBCD86-CC7F-4938-917C-0E9DC3B01499}.Release|Any CPU.Build.0 = Release|Any CPU
		{098A5FCD-0B67-4CBD-A586-C147A5BC1AD4}.Debug|Any CPU.ActiveCfg = Debug|Any CPU
		{098A5FCD-0B67-4CBD-A586-C147A5BC1AD4}.Debug|Any CPU.Build.0 = Debug|Any CPU
		{098A5FCD-0B67-4CBD-A586-C147A5BC1AD4}.Release|Any CPU.ActiveCfg = Release|Any CPU
		{098A5FCD-0B67-4CBD-A586-C147A5BC1AD4}.Release|Any CPU.Build.0 = Release|Any CPU
		{21690D66-6C7B-44C1-953A-8AFEB4592814}.Debug|Any CPU.ActiveCfg = Debug|Any CPU
		{21690D66-6C7B-44C1-953A-8AFEB4592814}.Debug|Any CPU.Build.0 = Debug|Any CPU
		{21690D66-6C7B-44C1-953A-8AFEB4592814}.Release|Any CPU.ActiveCfg = Release|Any CPU
		{21690D66-6C7B-44C1-953A-8AFEB4592814}.Release|Any CPU.Build.0 = Release|Any CPU
		{BCE9EEAD-BFBE-4666-981D-EFD47A8270EE}.Debug|Any CPU.ActiveCfg = Debug|Any CPU
		{BCE9EEAD-BFBE-4666-981D-EFD47A8270EE}.Debug|Any CPU.Build.0 = Debug|Any CPU
		{BCE9EEAD-BFBE-4666-981D-EFD47A8270EE}.Release|Any CPU.ActiveCfg = Release|Any CPU
		{BCE9EEAD-BFBE-4666-981D-EFD47A8270EE}.Release|Any CPU.Build.0 = Release|Any CPU
		{743C0550-24F3-4F31-9DA2-B4A48287C19C}.Debug|Any CPU.ActiveCfg = Debug|Any CPU
		{743C0550-24F3-4F31-9DA2-B4A48287C19C}.Debug|Any CPU.Build.0 = Debug|Any CPU
		{743C0550-24F3-4F31-9DA2-B4A48287C19C}.Release|Any CPU.ActiveCfg = Release|Any CPU
		{743C0550-24F3-4F31-9DA2-B4A48287C19C}.Release|Any CPU.Build.0 = Release|Any CPU
		{11A7ACA7-DED1-4675-8D1B-669595287D3A}.Debug|Any CPU.ActiveCfg = Debug|Any CPU
		{11A7ACA7-DED1-4675-8D1B-669595287D3A}.Debug|Any CPU.Build.0 = Debug|Any CPU
		{11A7ACA7-DED1-4675-8D1B-669595287D3A}.Release|Any CPU.ActiveCfg = Release|Any CPU
		{11A7ACA7-DED1-4675-8D1B-669595287D3A}.Release|Any CPU.Build.0 = Release|Any CPU
		{41A731C3-879D-4A6F-BA6B-705647188EE7}.Debug|Any CPU.ActiveCfg = Debug|Any CPU
		{41A731C3-879D-4A6F-BA6B-705647188EE7}.Debug|Any CPU.Build.0 = Debug|Any CPU
		{41A731C3-879D-4A6F-BA6B-705647188EE7}.Release|Any CPU.ActiveCfg = Release|Any CPU
		{41A731C3-879D-4A6F-BA6B-705647188EE7}.Release|Any CPU.Build.0 = Release|Any CPU
		{5C0D70BB-BF94-4032-B884-42B5A7923E9A}.Debug|Any CPU.ActiveCfg = Debug|Any CPU
		{5C0D70BB-BF94-4032-B884-42B5A7923E9A}.Debug|Any CPU.Build.0 = Debug|Any CPU
		{5C0D70BB-BF94-4032-B884-42B5A7923E9A}.Release|Any CPU.ActiveCfg = Release|Any CPU
		{5C0D70BB-BF94-4032-B884-42B5A7923E9A}.Release|Any CPU.Build.0 = Release|Any CPU
		{0209134F-DBB8-47D5-8440-91B8A5735DB1}.Debug|Any CPU.ActiveCfg = Debug|Any CPU
		{0209134F-DBB8-47D5-8440-91B8A5735DB1}.Debug|Any CPU.Build.0 = Debug|Any CPU
		{0209134F-DBB8-47D5-8440-91B8A5735DB1}.Release|Any CPU.ActiveCfg = Release|Any CPU
		{0209134F-DBB8-47D5-8440-91B8A5735DB1}.Release|Any CPU.Build.0 = Release|Any CPU
		{3823EAFF-ECAB-430D-AA0B-3A0550B34979}.Debug|Any CPU.ActiveCfg = Debug|Any CPU
		{3823EAFF-ECAB-430D-AA0B-3A0550B34979}.Debug|Any CPU.Build.0 = Debug|Any CPU
		{3823EAFF-ECAB-430D-AA0B-3A0550B34979}.Release|Any CPU.ActiveCfg = Release|Any CPU
		{3823EAFF-ECAB-430D-AA0B-3A0550B34979}.Release|Any CPU.Build.0 = Release|Any CPU
		{DE48055C-DDBF-450D-8494-E7BADB26F3D9}.Debug|Any CPU.ActiveCfg = Debug|Any CPU
		{DE48055C-DDBF-450D-8494-E7BADB26F3D9}.Debug|Any CPU.Build.0 = Debug|Any CPU
		{DE48055C-DDBF-450D-8494-E7BADB26F3D9}.Release|Any CPU.ActiveCfg = Release|Any CPU
		{DE48055C-DDBF-450D-8494-E7BADB26F3D9}.Release|Any CPU.Build.0 = Release|Any CPU
		{5C6D82D2-E9BE-4CBB-B54F-37B0144E34C2}.Debug|Any CPU.ActiveCfg = Debug|Any CPU
		{5C6D82D2-E9BE-4CBB-B54F-37B0144E34C2}.Debug|Any CPU.Build.0 = Debug|Any CPU
		{5C6D82D2-E9BE-4CBB-B54F-37B0144E34C2}.Release|Any CPU.ActiveCfg = Release|Any CPU
		{5C6D82D2-E9BE-4CBB-B54F-37B0144E34C2}.Release|Any CPU.Build.0 = Release|Any CPU
	EndGlobalSection
	GlobalSection(SolutionProperties) = preSolution
		HideSolutionNode = FALSE
	EndGlobalSection
	GlobalSection(NestedProjects) = preSolution
		{CAD17B45-19B1-45AF-897B-E346A88F6342} = {4E98EAE0-0727-44F0-B637-4E3D800387FA}
		{B9787C9E-F2FA-4C97-ADA5-06867CDF8705} = {9B69A4DF-A9C3-4172-A7CA-831CC32702C1}
		{2C29C862-D44D-4E60-B687-2AB0F50851BC} = {E7E794A1-C3F2-41A6-B4AB-B043BB14124D}
		{128BD950-9D06-40C9-9AB1-177E572C9BB4} = {76488024-227B-4CAC-A4FF-B41CB215A133}
		{B892861A-3A0B-4045-9C4F-99AA998615C5} = {EEE9406A-FA2B-4530-B811-082EB90D3C34}
		{41E5C574-880C-46FE-93DA-C499655522DF} = {76488024-227B-4CAC-A4FF-B41CB215A133}
		{FABBCD86-CC7F-4938-917C-0E9DC3B01499} = {76488024-227B-4CAC-A4FF-B41CB215A133}
		{098A5FCD-0B67-4CBD-A586-C147A5BC1AD4} = {E7E794A1-C3F2-41A6-B4AB-B043BB14124D}
		{21690D66-6C7B-44C1-953A-8AFEB4592814} = {E7E794A1-C3F2-41A6-B4AB-B043BB14124D}
		{BCE9EEAD-BFBE-4666-981D-EFD47A8270EE} = {9B69A4DF-A9C3-4172-A7CA-831CC32702C1}
		{EEE9406A-FA2B-4530-B811-082EB90D3C34} = {9B69A4DF-A9C3-4172-A7CA-831CC32702C1}
		{743C0550-24F3-4F31-9DA2-B4A48287C19C} = {EEE9406A-FA2B-4530-B811-082EB90D3C34}
		{11A7ACA7-DED1-4675-8D1B-669595287D3A} = {EEE9406A-FA2B-4530-B811-082EB90D3C34}
		{76488024-227B-4CAC-A4FF-B41CB215A133} = {9B69A4DF-A9C3-4172-A7CA-831CC32702C1}
		{5C0D70BB-BF94-4032-B884-42B5A7923E9A} = {9B69A4DF-A9C3-4172-A7CA-831CC32702C1}
		{0209134F-DBB8-47D5-8440-91B8A5735DB1} = {9B69A4DF-A9C3-4172-A7CA-831CC32702C1}
		{DE48055C-DDBF-450D-8494-E7BADB26F3D9} = {4E98EAE0-0727-44F0-B637-4E3D800387FA}
		{5C6D82D2-E9BE-4CBB-B54F-37B0144E34C2} = {E7E794A1-C3F2-41A6-B4AB-B043BB14124D}
	EndGlobalSection
	GlobalSection(ExtensibilityGlobals) = postSolution
		SolutionGuid = {FD6E62F7-C2F5-4DE6-8175-08D14FD68356}
	EndGlobalSection
EndGlobal
